# RapidOCR model weights, recorded from a supervised warm run.
#
# Generated by: warm_ocr_assets.py --mode record --dir <cache>
# Verified by:  warm_ocr_assets.py --mode verify --dir <cache>
#
# NOT hand-written. RapidOCR resolves its own download URLs; this file records
# the sha256 of every byte that actually landed, so the build can prove it got
# the same weights next time and runtime needs no network at all.
#
# Empty below == not yet recorded. The image build fails closed in that state.

hf/hub/models--docling-project--docling-layout-heron/blobs/00333a43451945aaf89db8ca9c0a17e75d1537c17db60fdb91aa95f4c7929e0c  00333a43451945aaf89db8ca9c0a17e75d1537c17db60fdb91aa95f4c7929e0c
hf/hub/models--docling-project--docling-layout-heron/blobs/2c5b32c47fb9789ed49606988f58bc4741a731ab  175700839bc7808eac6af1d0c23e4f483606ab2276fe01122f4093e61a1a65b6
hf/hub/models--docling-project--docling-layout-heron/blobs/98434d37ace2399b824d685b0795ab7a68e53dd2  fdea30805ce2f5666b147fca941dcdd27ad468e27d6ed21902207d3da056a97d
hf/hub/models--docling-project--docling-layout-heron/blobs/a6344aac8c09253b3b630fb776ae94478aa0275b  11ad7efa24975ee4b0c3c3a38ed18737f0658a5f75a0a96787b576a78a023361
hf/hub/models--docling-project--docling-layout-heron/blobs/d7a3a823e847c4b091ef0094bf9840129f167a62  e7f78610372b32a7938e480d2c7fa1c3037ee170bd82282a5bd026232f6e6f9e
hf/hub/models--docling-project--docling-layout-heron/blobs/fcdff16b42e5ebc51d28f59184490c6eff91a88b  cd38cd59999e7a95d68e487fbe5132df3d4e5c32a0836add57e6126ba0c4eaf1
hf/hub/models--docling-project--docling-layout-heron/refs/main  8084bbc31e333903f4bd839da812667ebd7dca0e27f6a193e372828ae11aabe5
hf/hub/models--docling-project--docling-layout-heron/snapshots/8f39ad3c0b4c58e9c2d2c84a38465abf757272d8/.gitattributes  11ad7efa24975ee4b0c3c3a38ed18737f0658a5f75a0a96787b576a78a023361
hf/hub/models--docling-project--docling-layout-heron/snapshots/8f39ad3c0b4c58e9c2d2c84a38465abf757272d8/README.md  175700839bc7808eac6af1d0c23e4f483606ab2276fe01122f4093e61a1a65b6
hf/hub/models--docling-project--docling-layout-heron/snapshots/8f39ad3c0b4c58e9c2d2c84a38465abf757272d8/config.json  fdea30805ce2f5666b147fca941dcdd27ad468e27d6ed21902207d3da056a97d
hf/hub/models--docling-project--docling-layout-heron/snapshots/8f39ad3c0b4c58e9c2d2c84a38465abf757272d8/docling_heron_400.png  e7f78610372b32a7938e480d2c7fa1c3037ee170bd82282a5bd026232f6e6f9e
hf/hub/models--docling-project--docling-layout-heron/snapshots/8f39ad3c0b4c58e9c2d2c84a38465abf757272d8/model.safetensors  00333a43451945aaf89db8ca9c0a17e75d1537c17db60fdb91aa95f4c7929e0c
hf/hub/models--docling-project--docling-layout-heron/snapshots/8f39ad3c0b4c58e9c2d2c84a38465abf757272d8/preprocessor_config.json  cd38cd59999e7a95d68e487fbe5132df3d4e5c32a0836add57e6126ba0c4eaf1
hf/hub/models--docling-project--docling-layout-heron/trees/8f39ad3c0b4c58e9c2d2c84a38465abf757272d8.json  bc7fa4e3aab7315b44d7897eca8056d69388ccb80d33db5f9ba7d6fa2a8fe9f2
hf/hub/models--docling-project--docling-models/blobs/2a7d6c924b3cd12fb99a09280ca9c33a89c5d60b93253617d2e088c1a40374d9  2a7d6c924b3cd12fb99a09280ca9c33a89c5d60b93253617d2e088c1a40374d9
hf/hub/models--docling-project--docling-models/blobs/3119563aab5a7c96fda4d621119b63fd8806272b86c30936d15507616422f718  3119563aab5a7c96fda4d621119b63fd8806272b86c30936d15507616422f718
hf/hub/models--docling-project--docling-models/blobs/4dc84c9101238bb955158144660155da99438490  9c34024dc28ff47b75818f415e769809798c29bf9bde6f2ccc63a4acb62396d9
hf/hub/models--docling-project--docling-models/blobs/5036aa114b9393f607440cb0f6cc54229b5b30e1  984e122ceb8ccf84d84c9d2882f6f2302a44b4f1e577babd6289892c36f3cffd
hf/hub/models--docling-project--docling-models/blobs/575b058b45230d48a06df9b1944f4bd40949db1d  360aba3ff7ce75396f13f0a77925fe9e79997e8d4bac064595ebb00c82700386
hf/hub/models--docling-project--docling-models/blobs/887b06ffad8cc669c554c6bebd703ba7bd11a417  d17f233378eff1240b623b36da76ee8b40afcca05d505949713bf03f7e00822a
hf/hub/models--docling-project--docling-models/blobs/9430eb3c89847aa8f80af5c96df3c348fca6da63  b44b404189eaff3631c470946e7350c2e88cead304d332a8ad50325e6f56e95d
hf/hub/models--docling-project--docling-models/blobs/d02c5889d288b8baefd42e9e4da094f0cea07bbe  dca6762508dddfae6d57d6cb4ef822c6000119dff0f3b6489db7413118c2622a
hf/hub/models--docling-project--docling-models/refs/v2.3.0  7eb53216902c7f3103528631e03d9f64f235d52b4ba8e59f662617ccd5cba0c4
hf/hub/models--docling-project--docling-models/snapshots/fc0f2d45e2218ea24bce5045f58a389aed16dc23/.gitattributes  360aba3ff7ce75396f13f0a77925fe9e79997e8d4bac064595ebb00c82700386
hf/hub/models--docling-project--docling-models/snapshots/fc0f2d45e2218ea24bce5045f58a389aed16dc23/.gitignore  b44b404189eaff3631c470946e7350c2e88cead304d332a8ad50325e6f56e95d
hf/hub/models--docling-project--docling-models/snapshots/fc0f2d45e2218ea24bce5045f58a389aed16dc23/README.md  d17f233378eff1240b623b36da76ee8b40afcca05d505949713bf03f7e00822a
hf/hub/models--docling-project--docling-models/snapshots/fc0f2d45e2218ea24bce5045f58a389aed16dc23/config.json  9c34024dc28ff47b75818f415e769809798c29bf9bde6f2ccc63a4acb62396d9
hf/hub/models--docling-project--docling-models/snapshots/fc0f2d45e2218ea24bce5045f58a389aed16dc23/model_artifacts/tableformer/accurate/tableformer_accurate.safetensors  2a7d6c924b3cd12fb99a09280ca9c33a89c5d60b93253617d2e088c1a40374d9
hf/hub/models--docling-project--docling-models/snapshots/fc0f2d45e2218ea24bce5045f58a389aed16dc23/model_artifacts/tableformer/accurate/tm_config.json  984e122ceb8ccf84d84c9d2882f6f2302a44b4f1e577babd6289892c36f3cffd
hf/hub/models--docling-project--docling-models/snapshots/fc0f2d45e2218ea24bce5045f58a389aed16dc23/model_artifacts/tableformer/fast/tableformer_fast.safetensors  3119563aab5a7c96fda4d621119b63fd8806272b86c30936d15507616422f718
hf/hub/models--docling-project--docling-models/snapshots/fc0f2d45e2218ea24bce5045f58a389aed16dc23/model_artifacts/tableformer/fast/tm_config.json  dca6762508dddfae6d57d6cb4ef822c6000119dff0f3b6489db7413118c2622a
hf/hub/models--docling-project--docling-models/trees/fc0f2d45e2218ea24bce5045f58a389aed16dc23.json  8f74cb05610126508c4afcae60003fb238e7845e53655de6f3140c979e826df0
