# RapidOCR model weights, recorded from a supervised warm run.
#
# Generated by: warm_ocr_assets.py --mode record --dir <cache>
# Verified by:  warm_ocr_assets.py --mode verify --dir <cache>
#
# NOT hand-written. RapidOCR resolves its own download URLs; this file records
# the sha256 of every byte that actually landed, so the build can prove it got
# the same weights next time and runtime needs no network at all.
#
# Empty below == not yet recorded. The image build fails closed in that state.
